
Microsoft Visual Studio Solution File, Format Version 12.00
# Visual Studio Version 17
VisualStudioVersion = 17.10.34804.81
MinimumVisualStudioVersion = 10.0.40219.1
Project("{FAE04EC0-301F-11D3-BF4B-00C04F79EFBC}") = "Rm-VS-from-ExplorerContextMenu", "Rm-VS-from-ExplorerContextMenu.csproj", "{E1D270EA-E5EE-4F37-B527-9FDEACCBB013}"
EndProject
Global
	GlobalSection(SolutionConfigurationPlatforms) = preSolution
		Debug|Any CPU = Debug|Any CPU
		Release|Any CPU = Release|Any CPU
	EndGlobalSection
	GlobalSection(ProjectConfigurationPlatforms) = postSolution
		{E1D270EA-E5EE-4F37-B527-9FDEACCBB013}.Debug|Any CPU.ActiveCfg = Debug|Any CPU
		{E1D270EA-E5EE-4F37-B527-9FDEACCBB013}.Debug|Any CPU.Build.0 = Debug|Any CPU
		{E1D270EA-E5EE-4F37-B527-9FDEACCBB013}.Release|Any CPU.ActiveCfg = Release|Any CPU
		{E1D270EA-E5EE-4F37-B527-9FDEACCBB013}.Release|Any CPU.Build.0 = Release|Any CPU
	EndGlobalSection
	GlobalSection(SolutionProperties) = preSolution
		HideSolutionNode = FALSE
	EndGlobalSection
	GlobalSection(ExtensibilityGlobals) = postSolution
		SolutionGuid = {AED5363D-951B-4F21-B135-FF8D6654E72B}
	EndGlobalSection
EndGlobal
